
Microsoft Visual Studio Solution File, Format Version 12.00
# Visual Studio Version 16
VisualStudioVersion = 16.0.31229.75
MinimumVisualStudioVersion = 10.0.40219.1
Project("{9A19103F-16F7-4668-BE54-9A1E7A4F7556}") = "TodoAppNTier.DataAccess", "TodoAppNTier.DataAccess\TodoAppNTier.DataAccess.csproj", "{69D00918-CB9A-42FB-A05E-8CAA62285BA1}"
EndProject
Project("{9A19103F-16F7-4668-BE54-9A1E7A4F7556}") = "TodoAppNTier.Business", "TodoAppNTier.Bussiness\TodoAppNTier.Business.csproj", "{BDD686C7-2258-4DE0-8B78-334C84753BA8}"
EndProject
Project("{9A19103F-16F7-4668-BE54-9A1E7A4F7556}") = "TodoAppNTier.Entities", "TodoAppNTier.Entities\TodoAppNTier.Entities.csproj", "{F84BAB3F-0D04-4A63-A1A5-10AD1A3C0878}"
EndProject
Project("{9A19103F-16F7-4668-BE54-9A1E7A4F7556}") = "TodoAppNTier.Dtos", "TodoAppNTier.Dtos\TodoAppNTier.Dtos.csproj", "{1742FA0A-0103-4E72-9314-FCE1B6AB240D}"
EndProject
Project("{9A19103F-16F7-4668-BE54-9A1E7A4F7556}") = "TodoAppNTier.UI", "TodoAppNTier.UI\TodoAppNTier.UI.csproj", "{B177ECD1-20BD-4CAB-956F-5A63B80503A7}"
EndProject
Global
	GlobalSection(SolutionConfigurationPlatforms) = preSolution
		Debug|Any CPU = Debug|Any CPU
		Release|Any CPU = Release|Any CPU
	EndGlobalSection
	GlobalSection(ProjectConfigurationPlatforms) = postSolution
		{69D00918-CB9A-42FB-A05E-8CAA62285BA1}.Debug|Any CPU.ActiveCfg = Debug|Any CPU
		{69D00918-CB9A-42FB-A05E-8CAA62285BA1}.Debug|Any CPU.Build.0 = Debug|Any CPU
		{69D00918-CB9A-42FB-A05E-8CAA62285BA1}.Release|Any CPU.ActiveCfg = Release|Any CPU
		{69D00918-CB9A-42FB-A05E-8CAA62285BA1}.Release|Any CPU.Build.0 = Release|Any CPU
		{BDD686C7-2258-4DE0-8B78-334C84753BA8}.Debug|Any CPU.ActiveCfg = Debug|Any CPU
		{BDD686C7-2258-4DE0-8B78-334C84753BA8}.Debug|Any CPU.Build.0 = Debug|Any CPU
		{BDD686C7-2258-4DE0-8B78-334C84753BA8}.Release|Any CPU.ActiveCfg = Release|Any CPU
		{BDD686C7-2258-4DE0-8B78-334C84753BA8}.Release|Any CPU.Build.0 = Release|Any CPU
		{F84BAB3F-0D04-4A63-A1A5-10AD1A3C0878}.Debug|Any CPU.ActiveCfg = Debug|Any CPU
		{F84BAB3F-0D04-4A63-A1A5-10AD1A3C0878}.Debug|Any CPU.Build.0 = Debug|Any CPU
		{F84BAB3F-0D04-4A63-A1A5-10AD1A3C0878}.Release|Any CPU.ActiveCfg = Release|Any CPU
		{F84BAB3F-0D04-4A63-A1A5-10AD1A3C0878}.Release|Any CPU.Build.0 = Release|Any CPU
		{1742FA0A-0103-4E72-9314-FCE1B6AB240D}.Debug|Any CPU.ActiveCfg = Debug|Any CPU
		{1742FA0A-0103-4E72-9314-FCE1B6AB240D}.Debug|Any CPU.Build.0 = Debug|Any CPU
		{1742FA0A-0103-4E72-9314-FCE1B6AB240D}.Release|Any CPU.ActiveCfg = Release|Any CPU
		{1742FA0A-0103-4E72-9314-FCE1B6AB240D}.Release|Any CPU.Build.0 = Release|Any CPU
		{B177ECD1-20BD-4CAB-956F-5A63B80503A7}.Debug|Any CPU.ActiveCfg = Debug|Any CPU
		{B177ECD1-20BD-4CAB-956F-5A63B80503A7}.Debug|Any CPU.Build.0 = Debug|Any CPU
		{B177ECD1-20BD-4CAB-956F-5A63B80503A7}.Release|Any CPU.ActiveCfg = Release|Any CPU
		{B177ECD1-20BD-4CAB-956F-5A63B80503A7}.Release|Any CPU.Build.0 = Release|Any CPU
	EndGlobalSection
	GlobalSection(SolutionProperties) = preSolution
		HideSolutionNode = FALSE
	EndGlobalSection
	GlobalSection(ExtensibilityGlobals) = postSolution
		SolutionGuid = {0C1DFDD4-7D67-4DD9-8AF3-99EC40D7337C}
	EndGlobalSection
EndGlobal
